
Microsoft Visual Studio Solution File, Format Version 12.00
# Visual Studio Version 17
VisualStudioVersion = 17.1.32414.318
MinimumVisualStudioVersion = 10.0.40219.1
Project("{FAE04EC0-301F-11D3-BF4B-00C04F79EFBC}") = "Repo", "Repo\Repo.csproj", "{326520B8-4A50-41F3-A187-F86AA598B22C}"
EndProject
Global
	GlobalSection(SolutionConfigurationPlatforms) = preSolution
		Debug|Any CPU = Debug|Any CPU
		Release|Any CPU = Release|Any CPU
	EndGlobalSection
	GlobalSection(ProjectConfigurationPlatforms) = postSolution
		{326520B8-4A50-41F3-A187-F86AA598B22C}.Debug|Any CPU.ActiveCfg = Debug|Any CPU
		{326520B8-4A50-41F3-A187-F86AA598B22C}.Debug|Any CPU.Build.0 = Debug|Any CPU
		{326520B8-4A50-41F3-A187-F86AA598B22C}.Release|Any CPU.ActiveCfg = Release|Any CPU
		{326520B8-4A50-41F3-A187-F86AA598B22C}.Release|Any CPU.Build.0 = Release|Any CPU
	EndGlobalSection
	GlobalSection(SolutionProperties) = preSolution
		HideSolutionNode = FALSE
	EndGlobalSection
	GlobalSection(ExtensibilityGlobals) = postSolution
		SolutionGuid = {F88635DA-2458-4F39-B5E3-E19504CE2D4F}
	EndGlobalSection
EndGlobal
